
Microsoft Visual Studio Solution File, Format Version 12.00
# Visual Studio Version 17
VisualStudioVersion = 17.0.32126.317
MinimumVisualStudioVersion = 10.0.40219.1
Project("{FAE04EC0-301F-11D3-BF4B-00C04F79EFBC}") = "Bantrab", "Bantrab\Bantrab.csproj", "{3FE0EBB1-42A6-4CBC-96DA-EBEB4E74A452}"
EndProject
Global
	GlobalSection(SolutionConfigurationPlatforms) = preSolution
		Debug|Any CPU = Debug|Any CPU
		Release|Any CPU = Release|Any CPU
	EndGlobalSection
	GlobalSection(ProjectConfigurationPlatforms) = postSolution
		{3FE0EBB1-42A6-4CBC-96DA-EBEB4E74A452}.Debug|Any CPU.ActiveCfg = Debug|Any CPU
		{3FE0EBB1-42A6-4CBC-96DA-EBEB4E74A452}.Debug|Any CPU.Build.0 = Debug|Any CPU
		{3FE0EBB1-42A6-4CBC-96DA-EBEB4E74A452}.Release|Any CPU.ActiveCfg = Release|Any CPU
		{3FE0EBB1-42A6-4CBC-96DA-EBEB4E74A452}.Release|Any CPU.Build.0 = Release|Any CPU
	EndGlobalSection
	GlobalSection(SolutionProperties) = preSolution
		HideSolutionNode = FALSE
	EndGlobalSection
	GlobalSection(ExtensibilityGlobals) = postSolution
		SolutionGuid = {08BB77C5-F9B7-4BA8-878D-78CD579036C3}
	EndGlobalSection
EndGlobal
